# THIS IS AN AUTOGENERATED FILE. DO NOT EDIT THIS FILE DIRECTLY.
# yarn lockfile v1


uvw-node@^0.0.1:
  version "0.0.1"
  resolved "https://registry.yarnpkg.com/uvw-node/-/uvw-node-0.0.1.tgz#9625729d07be09c652bdf4f76513a6dbf364e752"
  dependencies:
    uvwlib "^0.0.2"

uvwlib@^0.0.2:
  version "0.0.2"
  resolved "https://registry.yarnpkg.com/uvwlib/-/uvwlib-0.0.2.tgz#bda90d090626dae1fada472aba1bb873da3ff564"

uvwlib@^0.0.3:
  version "0.0.3"
  resolved "https://registry.yarnpkg.com/uvwlib/-/uvwlib-0.0.3.tgz#e8ee12e1069f7219f52a25c81eeb540c5bde0001"
